// !$*UTF8*$!
{
	archiveVersion = 1;
	classes = {
	};
	objectVersion = 77;
	objects = {

/* Begin PBXBuildFile section */
		042BAF4F3F54303543116F9F /* AllNotesViewController.swift in Sources */ = {isa = PBXBuildFile; fileRef = 0AE059B0BADC3F6FF3288BED /* AllNotesViewController.swift */; };
		1C330296D6A5FD9EDF0DC590 /* ThemePickerView.swift in Sources */ = {isa = PBXBuildFile; fileRef = 49DE0C4EB94A62E0AEBFF641 /* ThemePickerView.swift */; };
		1D8D44B9E8EDC5B8FE0E8F48 /* ThemePickerViewController.swift in Sources */ = {isa = PBXBuildFile; fileRef = 3B48728B333509B020804BE3 /* ThemePickerViewController.swift */; };
		1F45743C0D79329316019593 /* NoteWindow.swift in Sources */ = {isa = PBXBuildFile; fileRef = B85A82325751D981E303F471 /* NoteWindow.swift */; };
		3E7E3BD274DA19A466BB45DA /* NotedKit in Frameworks */ = {isa = PBXBuildFile; productRef = BEB48166D1475641A1DCF7C1 /* NotedKit */; };
		401B5CBF45944BC5EE17D3DC /* AllNotesWindowController.swift in Sources */ = {isa = PBXBuildFile; fileRef = 1EC7DDCFAC1A89E0F123584F /* AllNotesWindowController.swift */; };
		44C0884F727FA24A4F291D4A /* NoteWindowController.swift in Sources */ = {isa = PBXBuildFile; fileRef = 355E74953D20B3FF772BC163 /* NoteWindowController.swift */; };
		460D07EA1D4576465C9C5C7E /* SettingsView.swift in Sources */ = {isa = PBXBuildFile; fileRef = BC580FE3DC9EF6E76E1FFACB /* SettingsView.swift */; };
		47FEB468C8523D26EA55E51C /* NoteListView.swift in Sources */ = {isa = PBXBuildFile; fileRef = 29E8723E8FDDEDD5339F5984 /* NoteListView.swift */; };
		4C47FD72A70950AA73E32874 /* icon_512x512@2x.png in Resources */ = {isa = PBXBuildFile; fileRef = E7AD36EAF853C2D88DDCAB5C /* icon_512x512@2x.png */; };
		5CE5D3FB5AD4E0A9A75DD9E5 /* NoteContentView.swift in Sources */ = {isa = PBXBuildFile; fileRef = 0E408F893FC4A940067FE563 /* NoteContentView.swift */; };
		61921F0B72BF4C6A0A6E4359 /* ResizeHandleView.swift in Sources */ = {isa = PBXBuildFile; fileRef = D9212F00229576C5A982C643 /* ResizeHandleView.swift */; };
		6732B196B608CC6DBF3E3BC6 /* NoteDetailViewController.swift in Sources */ = {isa = PBXBuildFile; fileRef = AB1CBC86BBFFCAAA51075FD0 /* NoteDetailViewController.swift */; };
		6B1274974C99836F54C109D5 /* main.swift in Sources */ = {isa = PBXBuildFile; fileRef = CFEE677E3E20A9775C8F7A6D /* main.swift */; };
		6C3E0A1F664BF7DD8A5B5C8E /* NotedApp.swift in Sources */ = {isa = PBXBuildFile; fileRef = 295114EDF7CC7C66AE189BB6 /* NotedApp.swift */; };
		732A8BC7F4330A4AD1A04F4D /* NoteEditorCoordinator.swift in Sources */ = {isa = PBXBuildFile; fileRef = 07B9358CBFA655CEC0ED6297 /* NoteEditorCoordinator.swift */; };
		81A3DC48F87C6AECB829BC16 /* SettingsWindowController.swift in Sources */ = {isa = PBXBuildFile; fileRef = DE427FA822178EAE2C76AC84 /* SettingsWindowController.swift */; };
		82C7880BC904F2956E6E8EBE /* NoteEditorView.swift in Sources */ = {isa = PBXBuildFile; fileRef = 97BF8C969279084C7168DE01 /* NoteEditorView.swift */; };
		986B071DBEA6711AC84BE46D /* NotedKit in Frameworks */ = {isa = PBXBuildFile; productRef = 562CC884D7CFED400B37DBE5 /* NotedKit */; };
		9D5F96747EE0A247E50CC3D3 /* AppDelegate.swift in Sources */ = {isa = PBXBuildFile; fileRef = B44B7236AE24EE00AC157221 /* AppDelegate.swift */; };
		A769B26AC2DBE6260A48EDCA /* NoteTextView.swift in Sources */ = {isa = PBXBuildFile; fileRef = 43237D109B897E69523EC282 /* NoteTextView.swift */; };
		BCA07A395C71364A60766789 /* AppModel.swift in Sources */ = {isa = PBXBuildFile; fileRef = EB009F8D1E0FD0C62A4A7BB6 /* AppModel.swift */; };
		C47AA696423EC826EF13A8F1 /* RichTextEditor.swift in Sources */ = {isa = PBXBuildFile; fileRef = 96C57D9472699DD99720A219 /* RichTextEditor.swift */; };
		D4B5B602B3429EAB0D589148 /* RootView.swift in Sources */ = {isa = PBXBuildFile; fileRef = 071420C369D57BCD58CC36F0 /* RootView.swift */; };
		E11974A17FC02C6759BB6801 /* AppCoordinator.swift in Sources */ = {isa = PBXBuildFile; fileRef = A334F6D930AE8D06E1323805 /* AppCoordinator.swift */; };
		FA178BBC59C36FCE72BC4DD9 /* WindowManager.swift in Sources */ = {isa = PBXBuildFile; fileRef = B88740FB0FF2B4856B486CF3 /* WindowManager.swift */; };
/* End PBXBuildFile section */

/* Begin PBXFileReference section */
		071420C369D57BCD58CC36F0 /* RootView.swift */ = {isa = PBXFileReference; lastKnownFileType = sourcecode.swift; path = RootView.swift; sourceTree = "<group>"; };
		07B9358CBFA655CEC0ED6297 /* NoteEditorCoordinator.swift */ = {isa = PBXFileReference; lastKnownFileType = sourcecode.swift; path = NoteEditorCoordinator.swift; sourceTree = "<group>"; };
		0AE059B0BADC3F6FF3288BED /* AllNotesViewController.swift */ = {isa = PBXFileReference; lastKnownFileType = sourcecode.swift; path = AllNotesViewController.swift; sourceTree = "<group>"; };
		0E408F893FC4A940067FE563 /* NoteContentView.swift */ = {isa = PBXFileReference; lastKnownFileType = sourcecode.swift; path = NoteContentView.swift; sourceTree = "<group>"; };
		1EC7DDCFAC1A89E0F123584F /* AllNotesWindowController.swift */ = {isa = PBXFileReference; lastKnownFileType = sourcecode.swift; path = AllNotesWindowController.swift; sourceTree = "<group>"; };
		295114EDF7CC7C66AE189BB6 /* NotedApp.swift */ = {isa = PBXFileReference; lastKnownFileType = sourcecode.swift; path = NotedApp.swift; sourceTree = "<group>"; };
		29E8723E8FDDEDD5339F5984 /* NoteListView.swift */ = {isa = PBXFileReference; lastKnownFileType = sourcecode.swift; path = NoteListView.swift; sourceTree = "<group>"; };
		2F6EE2C4CE0C9D0460958407 /* Noted.app */ = {isa = PBXFileReference; explicitFileType = wrapper.application; includeInIndex = 0; path = Noted.app; sourceTree = BUILT_PRODUCTS_DIR; };
		355E74953D20B3FF772BC163 /* NoteWindowController.swift */ = {isa = PBXFileReference; lastKnownFileType = sourcecode.swift; path = NoteWindowController.swift; sourceTree = "<group>"; };
		3B48728B333509B020804BE3 /* ThemePickerViewController.swift */ = {isa = PBXFileReference; lastKnownFileType = sourcecode.swift; path = ThemePickerViewController.swift; sourceTree = "<group>"; };
		41839683764761BBF2286541 /* Signing.xcconfig */ = {isa = PBXFileReference; lastKnownFileType = text.xcconfig; path = Signing.xcconfig; sourceTree = "<group>"; };
		43237D109B897E69523EC282 /* NoteTextView.swift */ = {isa = PBXFileReference; lastKnownFileType = sourcecode.swift; path = NoteTextView.swift; sourceTree = "<group>"; };
		49DE0C4EB94A62E0AEBFF641 /* ThemePickerView.swift */ = {isa = PBXFileReference; lastKnownFileType = sourcecode.swift; path = ThemePickerView.swift; sourceTree = "<group>"; };
		5325BCB8FADDDBDC1D69F418 /* Noted.app */ = {isa = PBXFileReference; explicitFileType = wrapper.application; includeInIndex = 0; path = Noted.app; sourceTree = BUILT_PRODUCTS_DIR; };
		96C57D9472699DD99720A219 /* RichTextEditor.swift */ = {isa = PBXFileReference; lastKnownFileType = sourcecode.swift; path = RichTextEditor.swift; sourceTree = "<group>"; };
		97BF8C969279084C7168DE01 /* NoteEditorView.swift */ = {isa = PBXFileReference; lastKnownFileType = sourcecode.swift; path = NoteEditorView.swift; sourceTree = "<group>"; };
		A334F6D930AE8D06E1323805 /* AppCoordinator.swift */ = {isa = PBXFileReference; lastKnownFileType = sourcecode.swift; path = AppCoordinator.swift; sourceTree = "<group>"; };
		AB1CBC86BBFFCAAA51075FD0 /* NoteDetailViewController.swift */ = {isa = PBXFileReference; lastKnownFileType = sourcecode.swift; path = NoteDetailViewController.swift; sourceTree = "<group>"; };
		B44B7236AE24EE00AC157221 /* AppDelegate.swift */ = {isa = PBXFileReference; lastKnownFileType = sourcecode.swift; path = AppDelegate.swift; sourceTree = "<group>"; };
		B85A82325751D981E303F471 /* NoteWindow.swift */ = {isa = PBXFileReference; lastKnownFileType = sourcecode.swift; path = NoteWindow.swift; sourceTree = "<group>"; };
		B88740FB0FF2B4856B486CF3 /* WindowManager.swift */ = {isa = PBXFileReference; lastKnownFileType = sourcecode.swift; path = WindowManager.swift; sourceTree = "<group>"; };
		BC580FE3DC9EF6E76E1FFACB /* SettingsView.swift */ = {isa = PBXFileReference; lastKnownFileType = sourcecode.swift; path = SettingsView.swift; sourceTree = "<group>"; };
		CFEE677E3E20A9775C8F7A6D /* main.swift */ = {isa = PBXFileReference; lastKnownFileType = sourcecode.swift; path = main.swift; sourceTree = "<group>"; };
		D9212F00229576C5A982C643 /* ResizeHandleView.swift */ = {isa = PBXFileReference; lastKnownFileType = sourcecode.swift; path = ResizeHandleView.swift; sourceTree = "<group>"; };
		DE427FA822178EAE2C76AC84 /* SettingsWindowController.swift */ = {isa = PBXFileReference; lastKnownFileType = sourcecode.swift; path = SettingsWindowController.swift; sourceTree = "<group>"; };
		E7AD36EAF853C2D88DDCAB5C /* icon_512x512@2x.png */ = {isa = PBXFileReference; lastKnownFileType = image.png; path = "icon_512x512@2x.png"; sourceTree = "<group>"; };
		EB009F8D1E0FD0C62A4A7BB6 /* AppModel.swift */ = {isa = PBXFileReference; lastKnownFileType = sourcecode.swift; path = AppModel.swift; sourceTree = "<group>"; };
		F6F05880BC0ED424A37FF4DF /* NotedKit */ = {isa = PBXFileReference; lastKnownFileType = folder; path = NotedKit; sourceTree = SOURCE_ROOT; };
/* End PBXFileReference section */

/* Begin PBXFrameworksBuildPhase section */
		8FDA1FF356272C25DB4169EF /* Frameworks */ = {
			isa = PBXFrameworksBuildPhase;
			buildActionMask = 2147483647;
			files = (
				986B071DBEA6711AC84BE46D /* NotedKit in Frameworks */,
			);
			runOnlyForDeploymentPostprocessing = 0;
		};
		DF1D2094E40B293ED129ACCA /* Frameworks */ = {
			isa = PBXFrameworksBuildPhase;
			buildActionMask = 2147483647;
			files = (
				3E7E3BD274DA19A466BB45DA /* NotedKit in Frameworks */,
			);
			runOnlyForDeploymentPostprocessing = 0;
		};
/* End PBXFrameworksBuildPhase section */

/* Begin PBXGroup section */
		052594E73D6101B969F75681 /* Views */ = {
			isa = PBXGroup;
			children = (
				97BF8C969279084C7168DE01 /* NoteEditorView.swift */,
				29E8723E8FDDEDD5339F5984 /* NoteListView.swift */,
				96C57D9472699DD99720A219 /* RichTextEditor.swift */,
				071420C369D57BCD58CC36F0 /* RootView.swift */,
				BC580FE3DC9EF6E76E1FFACB /* SettingsView.swift */,
				49DE0C4EB94A62E0AEBFF641 /* ThemePickerView.swift */,
			);
			path = Views;
			sourceTree = "<group>";
		};
		0ADDBCFC5077D7656827F11B /* App */ = {
			isa = PBXGroup;
			children = (
				B44B7236AE24EE00AC157221 /* AppDelegate.swift */,
				CFEE677E3E20A9775C8F7A6D /* main.swift */,
			);
			path = App;
			sourceTree = "<group>";
		};
		0CE3418AA3576FAF1DEF23AA /* Windows */ = {
			isa = PBXGroup;
			children = (
				B85A82325751D981E303F471 /* NoteWindow.swift */,
				355E74953D20B3FF772BC163 /* NoteWindowController.swift */,
				B88740FB0FF2B4856B486CF3 /* WindowManager.swift */,
			);
			path = Windows;
			sourceTree = "<group>";
		};
		4A804BAFB401381E3B6EF243 /* Models */ = {
			isa = PBXGroup;
			children = (
			);
			path = Models;
			sourceTree = "<group>";
		};
		4B724916F46EC15C774D4FAA /* App */ = {
			isa = PBXGroup;
			children = (
				EB009F8D1E0FD0C62A4A7BB6 /* AppModel.swift */,
				295114EDF7CC7C66AE189BB6 /* NotedApp.swift */,
			);
			path = App;
			sourceTree = "<group>";
		};
		4C88ACAF9CF020BBEB4CD8C0 /* Noted */ = {
			isa = PBXGroup;
			children = (
				9645C462E6A806F809BE4F96 /* AllNotes */,
				0ADDBCFC5077D7656827F11B /* App */,
				F7264C2B547A7093AB828076 /* Assets */,
				4A804BAFB401381E3B6EF243 /* Models */,
				613F7FAE038235D674162383 /* Resources */,
				65EAE605F70FBF73B1F9BEAA /* Services */,
				59A8E6B1080427B5114E48C2 /* Supporting */,
				E981B4B5E08979289FA8A6F8 /* Views */,
				0CE3418AA3576FAF1DEF23AA /* Windows */,
			);
			path = Noted;
			sourceTree = "<group>";
		};
		59A8E6B1080427B5114E48C2 /* Supporting */ = {
			isa = PBXGroup;
			children = (
			);
			path = Supporting;
			sourceTree = "<group>";
		};
		613F7FAE038235D674162383 /* Resources */ = {
			isa = PBXGroup;
			children = (
			);
			path = Resources;
			sourceTree = "<group>";
		};
		65EAE605F70FBF73B1F9BEAA /* Services */ = {
			isa = PBXGroup;
			children = (
				A334F6D930AE8D06E1323805 /* AppCoordinator.swift */,
			);
			path = Services;
			sourceTree = "<group>";
		};
		8E000681539F1195DC509FAD = {
			isa = PBXGroup;
			children = (
				AACD79FB4043D59BF3F1CB1F /* Configs */,
				4C88ACAF9CF020BBEB4CD8C0 /* Noted */,
				A40EBCEC1490BBA51BECBF5D /* NotedIOS */,
				EBB2734AAD4CB47B2D96B42E /* Packages */,
				996C447EDDC30284535FE01B /* Products */,
			);
			sourceTree = "<group>";
		};
		9645C462E6A806F809BE4F96 /* AllNotes */ = {
			isa = PBXGroup;
			children = (
				0AE059B0BADC3F6FF3288BED /* AllNotesViewController.swift */,
				1EC7DDCFAC1A89E0F123584F /* AllNotesWindowController.swift */,
				AB1CBC86BBFFCAAA51075FD0 /* NoteDetailViewController.swift */,
			);
			path = AllNotes;
			sourceTree = "<group>";
		};
		996C447EDDC30284535FE01B /* Products */ = {
			isa = PBXGroup;
			children = (
				2F6EE2C4CE0C9D0460958407 /* Noted.app */,
				5325BCB8FADDDBDC1D69F418 /* Noted.app */,
			);
			name = Products;
			sourceTree = "<group>";
		};
		A40EBCEC1490BBA51BECBF5D /* NotedIOS */ = {
			isa = PBXGroup;
			children = (
				4B724916F46EC15C774D4FAA /* App */,
				052594E73D6101B969F75681 /* Views */,
			);
			path = NotedIOS;
			sourceTree = "<group>";
		};
		AACD79FB4043D59BF3F1CB1F /* Configs */ = {
			isa = PBXGroup;
			children = (
				41839683764761BBF2286541 /* Signing.xcconfig */,
			);
			path = Configs;
			sourceTree = "<group>";
		};
		E981B4B5E08979289FA8A6F8 /* Views */ = {
			isa = PBXGroup;
			children = (
				0E408F893FC4A940067FE563 /* NoteContentView.swift */,
				07B9358CBFA655CEC0ED6297 /* NoteEditorCoordinator.swift */,
				43237D109B897E69523EC282 /* NoteTextView.swift */,
				D9212F00229576C5A982C643 /* ResizeHandleView.swift */,
				DE427FA822178EAE2C76AC84 /* SettingsWindowController.swift */,
				3B48728B333509B020804BE3 /* ThemePickerViewController.swift */,
			);
			path = Views;
			sourceTree = "<group>";
		};
		EBB2734AAD4CB47B2D96B42E /* Packages */ = {
			isa = PBXGroup;
			children = (
				F6F05880BC0ED424A37FF4DF /* NotedKit */,
			);
			name = Packages;
			sourceTree = "<group>";
		};
		F7264C2B547A7093AB828076 /* Assets */ = {
			isa = PBXGroup;
			children = (
				E7AD36EAF853C2D88DDCAB5C /* icon_512x512@2x.png */,
			);
			path = Assets;
			sourceTree = "<group>";
		};
/* End PBXGroup section */

/* Begin PBXNativeTarget section */
		6CAA5AE70544A8E978FB8B4F /* NotedIOS */ = {
			isa = PBXNativeTarget;
			buildConfigurationList = 35BED7842110F34F5000DFE6 /* Build configuration list for PBXNativeTarget "NotedIOS" */;
			buildPhases = (
				E08ABDA4DC6C0F94469EF8E6 /* Sources */,
				DF1D2094E40B293ED129ACCA /* Frameworks */,
			);
			buildRules = (
			);
			dependencies = (
			);
			name = NotedIOS;
			packageProductDependencies = (
				BEB48166D1475641A1DCF7C1 /* NotedKit */,
			);
			productName = NotedIOS;
			productReference = 5325BCB8FADDDBDC1D69F418 /* Noted.app */;
			productType = "com.apple.product-type.application";
		};
		C2A1979F71AA6A4FCA9CA4EE /* Noted */ = {
			isa = PBXNativeTarget;
			buildConfigurationList = 137AA717F82446F0B0CA1374 /* Build configuration list for PBXNativeTarget "Noted" */;
			buildPhases = (
				6F7803F128E5E1E6FE641790 /* Sources */,
				E38AE96B48FE033EEB483795 /* Resources */,
				8FDA1FF356272C25DB4169EF /* Frameworks */,
			);
			buildRules = (
			);
			dependencies = (
			);
			name = Noted;
			packageProductDependencies = (
				562CC884D7CFED400B37DBE5 /* NotedKit */,
			);
			productName = Noted;
			productReference = 2F6EE2C4CE0C9D0460958407 /* Noted.app */;
			productType = "com.apple.product-type.application";
		};
/* End PBXNativeTarget section */

/* Begin PBXProject section */
		BD02815E4329E19D6A6D9559 /* Project object */ = {
			isa = PBXProject;
			attributes = {
				BuildIndependentTargetsInParallel = YES;
				LastUpgradeCheck = 2600;
				TargetAttributes = {
					6CAA5AE70544A8E978FB8B4F = {
						DevelopmentTeam = "";
						ProvisioningStyle = Manual;
					};
					C2A1979F71AA6A4FCA9CA4EE = {
						ProvisioningStyle = Manual;
					};
				};
			};
			buildConfigurationList = 9BB3ACF9E9B1BD9BC1BE14FE /* Build configuration list for PBXProject "Noted" */;
			developmentRegion = en;
			hasScannedForEncodings = 0;
			knownRegions = (
				Base,
				en,
			);
			mainGroup = 8E000681539F1195DC509FAD;
			minimizedProjectReferenceProxies = 1;
			packageReferences = (
				E878A2D1BB102246B0758BD4 /* XCLocalSwiftPackageReference "NotedKit" */,
			);
			preferredProjectObjectVersion = 77;
			productRefGroup = 996C447EDDC30284535FE01B /* Products */;
			projectDirPath = "";
			projectRoot = "";
			targets = (
				C2A1979F71AA6A4FCA9CA4EE /* Noted */,
				6CAA5AE70544A8E978FB8B4F /* NotedIOS */,
			);
		};
/* End PBXProject section */

/* Begin PBXResourcesBuildPhase section */
		E38AE96B48FE033EEB483795 /* Resources */ = {
			isa = PBXResourcesBuildPhase;
			buildActionMask = 2147483647;
			files = (
				4C47FD72A70950AA73E32874 /* icon_512x512@2x.png in Resources */,
			);
			runOnlyForDeploymentPostprocessing = 0;
		};
/* End PBXResourcesBuildPhase section */

/* Begin PBXSourcesBuildPhase section */
		6F7803F128E5E1E6FE641790 /* Sources */ = {
			isa = PBXSourcesBuildPhase;
			buildActionMask = 2147483647;
			files = (
				042BAF4F3F54303543116F9F /* AllNotesViewController.swift in Sources */,
				401B5CBF45944BC5EE17D3DC /* AllNotesWindowController.swift in Sources */,
				E11974A17FC02C6759BB6801 /* AppCoordinator.swift in Sources */,
				9D5F96747EE0A247E50CC3D3 /* AppDelegate.swift in Sources */,
				5CE5D3FB5AD4E0A9A75DD9E5 /* NoteContentView.swift in Sources */,
				6732B196B608CC6DBF3E3BC6 /* NoteDetailViewController.swift in Sources */,
				732A8BC7F4330A4AD1A04F4D /* NoteEditorCoordinator.swift in Sources */,
				A769B26AC2DBE6260A48EDCA /* NoteTextView.swift in Sources */,
				1F45743C0D79329316019593 /* NoteWindow.swift in Sources */,
				44C0884F727FA24A4F291D4A /* NoteWindowController.swift in Sources */,
				61921F0B72BF4C6A0A6E4359 /* ResizeHandleView.swift in Sources */,
				81A3DC48F87C6AECB829BC16 /* SettingsWindowController.swift in Sources */,
				1D8D44B9E8EDC5B8FE0E8F48 /* ThemePickerViewController.swift in Sources */,
				FA178BBC59C36FCE72BC4DD9 /* WindowManager.swift in Sources */,
				6B1274974C99836F54C109D5 /* main.swift in Sources */,
			);
			runOnlyForDeploymentPostprocessing = 0;
		};
		E08ABDA4DC6C0F94469EF8E6 /* Sources */ = {
			isa = PBXSourcesBuildPhase;
			buildActionMask = 2147483647;
			files = (
				BCA07A395C71364A60766789 /* AppModel.swift in Sources */,
				82C7880BC904F2956E6E8EBE /* NoteEditorView.swift in Sources */,
				47FEB468C8523D26EA55E51C /* NoteListView.swift in Sources */,
				6C3E0A1F664BF7DD8A5B5C8E /* NotedApp.swift in Sources */,
				C47AA696423EC826EF13A8F1 /* RichTextEditor.swift in Sources */,
				D4B5B602B3429EAB0D589148 /* RootView.swift in Sources */,
				460D07EA1D4576465C9C5C7E /* SettingsView.swift in Sources */,
				1C330296D6A5FD9EDF0DC590 /* ThemePickerView.swift in Sources */,
			);
			runOnlyForDeploymentPostprocessing = 0;
		};
/* End PBXSourcesBuildPhase section */

/* Begin XCBuildConfiguration section */
		18F1E64E442B97F50B635374 /* Debug */ = {
			isa = XCBuildConfiguration;
			baseConfigurationReference = 41839683764761BBF2286541 /* Signing.xcconfig */;
			buildSettings = {
				ASSETCATALOG_COMPILER_APPICON_NAME = AppIcon;
				CODE_SIGN_ENTITLEMENTS = NotedIOS/Resources/NotedIOS.entitlements;
				GENERATE_INFOPLIST_FILE = NO;
				INFOPLIST_FILE = NotedIOS/Resources/Info.plist;
				IPHONEOS_DEPLOYMENT_TARGET = 17.0;
				LD_RUNPATH_SEARCH_PATHS = (
					"$(inherited)",
					"@executable_path/Frameworks",
				);
				PRODUCT_BUNDLE_IDENTIFIER = com.arjun.Noted.ios;
				PRODUCT_NAME = Noted;
				SDKROOT = iphoneos;
				SUPPORTS_MACCATALYST = NO;
				TARGETED_DEVICE_FAMILY = "1,2";
			};
			name = Debug;
		};
		19CA38C5E7AE89D8554E5E10 /* Release */ = {
			isa = XCBuildConfiguration;
			baseConfigurationReference = 41839683764761BBF2286541 /* Signing.xcconfig */;
			buildSettings = {
				ASSETCATALOG_COMPILER_APPICON_NAME = AppIcon;
				CODE_SIGN_ENTITLEMENTS = NotedIOS/Resources/NotedIOS.entitlements;
				GENERATE_INFOPLIST_FILE = NO;
				INFOPLIST_FILE = NotedIOS/Resources/Info.plist;
				IPHONEOS_DEPLOYMENT_TARGET = 17.0;
				LD_RUNPATH_SEARCH_PATHS = (
					"$(inherited)",
					"@executable_path/Frameworks",
				);
				PRODUCT_BUNDLE_IDENTIFIER = com.arjun.Noted.ios;
				PRODUCT_NAME = Noted;
				SDKROOT = iphoneos;
				SUPPORTS_MACCATALYST = NO;
				TARGETED_DEVICE_FAMILY = "1,2";
			};
			name = Release;
		};
		250CEF3FD57AC1A906CE2C12 /* Release */ = {
			isa = XCBuildConfiguration;
			baseConfigurationReference = 41839683764761BBF2286541 /* Signing.xcconfig */;
			buildSettings = {
				ASSETCATALOG_COMPILER_APPICON_NAME = AppIcon;
				CODE_SIGN_ENTITLEMENTS = Noted/Resources/Noted.entitlements;
				COMBINE_HIDPI_IMAGES = YES;
				DEVELOPMENT_TEAM = 24CVMV6NZZ;
				GENERATE_INFOPLIST_FILE = NO;
				INFOPLIST_FILE = Noted/Resources/Info.plist;
				LD_RUNPATH_SEARCH_PATHS = (
					"$(inherited)",
					"@executable_path/../Frameworks",
				);
				PRODUCT_BUNDLE_IDENTIFIER = com.arjun.Noted;
				PRODUCT_NAME = Noted;
				SDKROOT = macosx;
			};
			name = Release;
		};
		470C8AC3822998037F4E8349 /* Debug */ = {
			isa = XCBuildConfiguration;
			buildSettings = {
				ALWAYS_SEARCH_USER_PATHS = NO;
				CLANG_ANALYZER_NONNULL = YES;
				CLANG_ANALYZER_NUMBER_OBJECT_CONVERSION = YES_AGGRESSIVE;
				CLANG_CXX_LANGUAGE_STANDARD = "gnu++14";
				CLANG_CXX_LIBRARY = "libc++";
				CLANG_ENABLE_MODULES = YES;
				CLANG_ENABLE_OBJC_ARC = YES;
				CLANG_ENABLE_OBJC_WEAK = YES;
				CLANG_WARN_BLOCK_CAPTURE_AUTORELEASING = YES;
				CLANG_WARN_BOOL_CONVERSION = YES;
				CLANG_WARN_COMMA = YES;
				CLANG_WARN_CONSTANT_CONVERSION = YES;
				CLANG_WARN_DEPRECATED_OBJC_IMPLEMENTATIONS = YES;
				CLANG_WARN_DIRECT_OBJC_ISA_USAGE = YES_ERROR;
				CLANG_WARN_DOCUMENTATION_COMMENTS = YES;
				CLANG_WARN_EMPTY_BODY = YES;
				CLANG_WARN_ENUM_CONVERSION = YES;
				CLANG_WARN_INFINITE_RECURSION = YES;
				CLANG_WARN_INT_CONVERSION = YES;
				CLANG_WARN_NON_LITERAL_NULL_CONVERSION = YES;
				CLANG_WARN_OBJC_IMPLICIT_RETAIN_SELF = YES;
				CLANG_WARN_OBJC_LITERAL_CONVERSION = YES;
				CLANG_WARN_OBJC_ROOT_CLASS = YES_ERROR;
				CLANG_WARN_QUOTED_INCLUDE_IN_FRAMEWORK_HEADER = YES;
				CLANG_WARN_RANGE_LOOP_ANALYSIS = YES;
				CLANG_WARN_STRICT_PROTOTYPES = YES;
				CLANG_WARN_SUSPICIOUS_MOVE = YES;
				CLANG_WARN_UNGUARDED_AVAILABILITY = YES_AGGRESSIVE;
				CLANG_WARN_UNREACHABLE_CODE = YES;
				CLANG_WARN__DUPLICATE_METHOD_MATCH = YES;
				COPY_PHASE_STRIP = NO;
				DEBUG_INFORMATION_FORMAT = dwarf;
				ENABLE_STRICT_OBJC_MSGSEND = YES;
				ENABLE_TESTABILITY = YES;
				GCC_C_LANGUAGE_STANDARD = gnu11;
				GCC_DYNAMIC_NO_PIC = NO;
				GCC_NO_COMMON_BLOCKS = YES;
				GCC_OPTIMIZATION_LEVEL = 0;
				GCC_PREPROCESSOR_DEFINITIONS = (
					"$(inherited)",
					"DEBUG=1",
				);
				GCC_WARN_64_TO_32_BIT_CONVERSION = YES;
				GCC_WARN_ABOUT_RETURN_TYPE = YES_ERROR;
				GCC_WARN_UNDECLARED_SELECTOR = YES;
				GCC_WARN_UNINITIALIZED_AUTOS = YES_AGGRESSIVE;
				GCC_WARN_UNUSED_FUNCTION = YES;
				GCC_WARN_UNUSED_VARIABLE = YES;
				IPHONEOS_DEPLOYMENT_TARGET = 17.0;
				MACOSX_DEPLOYMENT_TARGET = 26.0;
				MTL_ENABLE_DEBUG_INFO = INCLUDE_SOURCE;
				MTL_FAST_MATH = YES;
				ONLY_ACTIVE_ARCH = YES;
				PRODUCT_NAME = "$(TARGET_NAME)";
				SWIFT_ACTIVE_COMPILATION_CONDITIONS = DEBUG;
				SWIFT_OPTIMIZATION_LEVEL = "-Onone";
				SWIFT_VERSION = 6.2;
			};
			name = Debug;
		};
		48C36B8DA9882EE4C44A7117 /* Debug */ = {
			isa = XCBuildConfiguration;
			baseConfigurationReference = 41839683764761BBF2286541 /* Signing.xcconfig */;
			buildSettings = {
				ASSETCATALOG_COMPILER_APPICON_NAME = AppIcon;
				CODE_SIGN_ENTITLEMENTS = Noted/Resources/Noted.entitlements;
				COMBINE_HIDPI_IMAGES = YES;
				DEVELOPMENT_TEAM = 24CVMV6NZZ;
				GENERATE_INFOPLIST_FILE = NO;
				INFOPLIST_FILE = Noted/Resources/Info.plist;
				LD_RUNPATH_SEARCH_PATHS = (
					"$(inherited)",
					"@executable_path/../Frameworks",
				);
				PRODUCT_BUNDLE_IDENTIFIER = com.arjun.Noted;
				PRODUCT_NAME = Noted;
				SDKROOT = macosx;
			};
			name = Debug;
		};
		8E766F47E093FF30B82F90C6 /* Release */ = {
			isa = XCBuildConfiguration;
			buildSettings = {
				ALWAYS_SEARCH_USER_PATHS = NO;
				CLANG_ANALYZER_NONNULL = YES;
				CLANG_ANALYZER_NUMBER_OBJECT_CONVERSION = YES_AGGRESSIVE;
				CLANG_CXX_LANGUAGE_STANDARD = "gnu++14";
				CLANG_CXX_LIBRARY = "libc++";
				CLANG_ENABLE_MODULES = YES;
				CLANG_ENABLE_OBJC_ARC = YES;
				CLANG_ENABLE_OBJC_WEAK = YES;
				CLANG_WARN_BLOCK_CAPTURE_AUTORELEASING = YES;
				CLANG_WARN_BOOL_CONVERSION = YES;
				CLANG_WARN_COMMA = YES;
				CLANG_WARN_CONSTANT_CONVERSION = YES;
				CLANG_WARN_DEPRECATED_OBJC_IMPLEMENTATIONS = YES;
				CLANG_WARN_DIRECT_OBJC_ISA_USAGE = YES_ERROR;
				CLANG_WARN_DOCUMENTATION_COMMENTS = YES;
				CLANG_WARN_EMPTY_BODY = YES;
				CLANG_WARN_ENUM_CONVERSION = YES;
				CLANG_WARN_INFINITE_RECURSION = YES;
				CLANG_WARN_INT_CONVERSION = YES;
				CLANG_WARN_NON_LITERAL_NULL_CONVERSION = YES;
				CLANG_WARN_OBJC_IMPLICIT_RETAIN_SELF = YES;
				CLANG_WARN_OBJC_LITERAL_CONVERSION = YES;
				CLANG_WARN_OBJC_ROOT_CLASS = YES_ERROR;
				CLANG_WARN_QUOTED_INCLUDE_IN_FRAMEWORK_HEADER = YES;
				CLANG_WARN_RANGE_LOOP_ANALYSIS = YES;
				CLANG_WARN_STRICT_PROTOTYPES = YES;
				CLANG_WARN_SUSPICIOUS_MOVE = YES;
				CLANG_WARN_UNGUARDED_AVAILABILITY = YES_AGGRESSIVE;
				CLANG_WARN_UNREACHABLE_CODE = YES;
				CLANG_WARN__DUPLICATE_METHOD_MATCH = YES;
				COPY_PHASE_STRIP = NO;
				DEBUG_INFORMATION_FORMAT = "dwarf-with-dsym";
				ENABLE_NS_ASSERTIONS = NO;
				ENABLE_STRICT_OBJC_MSGSEND = YES;
				GCC_C_LANGUAGE_STANDARD = gnu11;
				GCC_NO_COMMON_BLOCKS = YES;
				GCC_WARN_64_TO_32_BIT_CONVERSION = YES;
				GCC_WARN_ABOUT_RETURN_TYPE = YES_ERROR;
				GCC_WARN_UNDECLARED_SELECTOR = YES;
				GCC_WARN_UNINITIALIZED_AUTOS = YES_AGGRESSIVE;
				GCC_WARN_UNUSED_FUNCTION = YES;
				GCC_WARN_UNUSED_VARIABLE = YES;
				IPHONEOS_DEPLOYMENT_TARGET = 17.0;
				MACOSX_DEPLOYMENT_TARGET = 26.0;
				MTL_ENABLE_DEBUG_INFO = NO;
				MTL_FAST_MATH = YES;
				PRODUCT_NAME = "$(TARGET_NAME)";
				SWIFT_COMPILATION_MODE = wholemodule;
				SWIFT_OPTIMIZATION_LEVEL = "-O";
				SWIFT_VERSION = 6.2;
			};
			name = Release;
		};
/* End XCBuildConfiguration section */

/* Begin XCConfigurationList section */
		137AA717F82446F0B0CA1374 /* Build configuration list for PBXNativeTarget "Noted" */ = {
			isa = XCConfigurationList;
			buildConfigurations = (
				48C36B8DA9882EE4C44A7117 /* Debug */,
				250CEF3FD57AC1A906CE2C12 /* Release */,
			);
			defaultConfigurationIsVisible = 0;
			defaultConfigurationName = Debug;
		};
		35BED7842110F34F5000DFE6 /* Build configuration list for PBXNativeTarget "NotedIOS" */ = {
			isa = XCConfigurationList;
			buildConfigurations = (
				18F1E64E442B97F50B635374 /* Debug */,
				19CA38C5E7AE89D8554E5E10 /* Release */,
			);
			defaultConfigurationIsVisible = 0;
			defaultConfigurationName = Debug;
		};
		9BB3ACF9E9B1BD9BC1BE14FE /* Build configuration list for PBXProject "Noted" */ = {
			isa = XCConfigurationList;
			buildConfigurations = (
				470C8AC3822998037F4E8349 /* Debug */,
				8E766F47E093FF30B82F90C6 /* Release */,
			);
			defaultConfigurationIsVisible = 0;
			defaultConfigurationName = Debug;
		};
/* End XCConfigurationList section */

/* Begin XCLocalSwiftPackageReference section */
		E878A2D1BB102246B0758BD4 /* XCLocalSwiftPackageReference "NotedKit" */ = {
			isa = XCLocalSwiftPackageReference;
			relativePath = NotedKit;
		};
/* End XCLocalSwiftPackageReference section */

/* Begin XCSwiftPackageProductDependency section */
		562CC884D7CFED400B37DBE5 /* NotedKit */ = {
			isa = XCSwiftPackageProductDependency;
			productName = NotedKit;
		};
		BEB48166D1475641A1DCF7C1 /* NotedKit */ = {
			isa = XCSwiftPackageProductDependency;
			productName = NotedKit;
		};
/* End XCSwiftPackageProductDependency section */
	};
	rootObject = BD02815E4329E19D6A6D9559 /* Project object */;
}
